<Solution>
  <Project Path="../CustomerComm.Tests/CustomerComm.Tests.csproj" />
  <Project Path="../DirectoryExplorer.Tests/DirectoryExplorer.Tests.csproj" />
  <Project Path="../MagicFilesLib/MagicFilesLib.csproj" />
  <Project Path="../PlayerManager.Tests/PlayerManager.Tests.csproj" />
  <Project Path="../PlayersManagerLib/PlayersManagerLib.csproj" />
  <Project Path="CustomerCommLib.csproj" />
</Solution>
